
Microsoft Visual Studio Solution File, Format Version 12.00
# Visual Studio Version 16
VisualStudioVersion = 16.0.28803.352
MinimumVisualStudioVersion = 10.0.40219.1
Project("{9092AA53-FB77-4645-B42D-1CCCA6BD08BD}") = "AirQualityExpressServer", "AirQualityExpressServer.njsproj", "{50BC0AC1-47FE-4803-8257-B9968D1F0B22}"
EndProject
Global
	GlobalSection(SolutionConfigurationPlatforms) = preSolution
		Debug|Any CPU = Debug|Any CPU
		Release|Any CPU = Release|Any CPU
	EndGlobalSection
	GlobalSection(ProjectConfigurationPlatforms) = postSolution
		{50BC0AC1-47FE-4803-8257-B9968D1F0B22}.Debug|Any CPU.ActiveCfg = Debug|Any CPU
		{50BC0AC1-47FE-4803-8257-B9968D1F0B22}.Debug|Any CPU.Build.0 = Debug|Any CPU
		{50BC0AC1-47FE-4803-8257-B9968D1F0B22}.Release|Any CPU.ActiveCfg = Release|Any CPU
		{50BC0AC1-47FE-4803-8257-B9968D1F0B22}.Release|Any CPU.Build.0 = Release|Any CPU
	EndGlobalSection
	GlobalSection(SolutionProperties) = preSolution
		HideSolutionNode = FALSE
	EndGlobalSection
	GlobalSection(ExtensibilityGlobals) = postSolution
		SolutionGuid = {8B078513-0BB4-466D-BE5C-CEE7EA896D27}
	EndGlobalSection
EndGlobal
